
Microsoft Visual Studio Solution File, Format Version 11.00
# Visual Studio 2010
Project("{FAE04EC0-301F-11D3-BF4B-00C04F79EFBC}") = "Assembly-CSharp", "Assembly-CSharp.csproj", "{2fa7a953-5c93-26e3-afd1-e3d071537f55}"
EndProject
Project("{FAE04EC0-301F-11D3-BF4B-00C04F79EFBC}") = "Assembly-CSharp-Editor", "Assembly-CSharp-Editor.csproj", "{8394c5ab-2b79-07ca-75bd-972dc045c3eb}"
EndProject
Project("{FAE04EC0-301F-11D3-BF4B-00C04F79EFBC}") = "Unity.AssetBundleBrowser.Editor", "Unity.AssetBundleBrowser.Editor.csproj", "{42c014a3-66b8-2abc-d932-94cb46ddd67d}"
EndProject
Project("{FAE04EC0-301F-11D3-BF4B-00C04F79EFBC}") = "Unity.AssetBundleBrowser.Editor.Tests", "Unity.AssetBundleBrowser.Editor.Tests.csproj", "{d5381325-3a40-e992-cb01-48ee780760e9}"
EndProject
Global
	GlobalSection(SolutionConfigurationPlatforms) = preSolution
		Debug|Any CPU = Debug|Any CPU
		Release|Any CPU = Release|Any CPU
	EndGlobalSection
	GlobalSection(ProjectConfigurationPlatforms) = postSolution
		{2fa7a953-5c93-26e3-afd1-e3d071537f55}.Debug|Any CPU.ActiveCfg = Debug|Any CPU
		{2fa7a953-5c93-26e3-afd1-e3d071537f55}.Debug|Any CPU.Build.0 = Debug|Any CPU
		{2fa7a953-5c93-26e3-afd1-e3d071537f55}.Release|Any CPU.ActiveCfg = Release|Any CPU
		{2fa7a953-5c93-26e3-afd1-e3d071537f55}.Release|Any CPU.Build.0 = Release|Any CPU
		{8394c5ab-2b79-07ca-75bd-972dc045c3eb}.Debug|Any CPU.ActiveCfg = Debug|Any CPU
		{8394c5ab-2b79-07ca-75bd-972dc045c3eb}.Debug|Any CPU.Build.0 = Debug|Any CPU
		{8394c5ab-2b79-07ca-75bd-972dc045c3eb}.Release|Any CPU.ActiveCfg = Release|Any CPU
		{8394c5ab-2b79-07ca-75bd-972dc045c3eb}.Release|Any CPU.Build.0 = Release|Any CPU
		{42c014a3-66b8-2abc-d932-94cb46ddd67d}.Debug|Any CPU.ActiveCfg = Debug|Any CPU
		{42c014a3-66b8-2abc-d932-94cb46ddd67d}.Debug|Any CPU.Build.0 = Debug|Any CPU
		{42c014a3-66b8-2abc-d932-94cb46ddd67d}.Release|Any CPU.ActiveCfg = Release|Any CPU
		{42c014a3-66b8-2abc-d932-94cb46ddd67d}.Release|Any CPU.Build.0 = Release|Any CPU
		{d5381325-3a40-e992-cb01-48ee780760e9}.Debug|Any CPU.ActiveCfg = Debug|Any CPU
		{d5381325-3a40-e992-cb01-48ee780760e9}.Debug|Any CPU.Build.0 = Debug|Any CPU
		{d5381325-3a40-e992-cb01-48ee780760e9}.Release|Any CPU.ActiveCfg = Release|Any CPU
		{d5381325-3a40-e992-cb01-48ee780760e9}.Release|Any CPU.Build.0 = Release|Any CPU
	EndGlobalSection
	GlobalSection(SolutionProperties) = preSolution
		HideSolutionNode = FALSE
	EndGlobalSection
EndGlobal
